// !$*UTF8*$!
{
	archiveVersion = 1;
	classes = {
	};
	objectVersion = 45;
	objects = {

/* Begin PBXBuildFile section */
		1610E02C1132A43F00C251A7 /* HSOBJC_dummy_C.m in Sources */ = {isa = PBXBuildFile; fileRef = 1610E02B1132A43F00C251A7 /* HSOBJC_dummy_C.m */; };
		169CCAB1111DF8460052D964 /* HSObjC_C.m in Sources */ = {isa = PBXBuildFile; fileRef = 169CCAB0111DF8460052D964 /* HSObjC_C.m */; };
		169CCB61112167030052D964 /* Model.hs in Resources */ = {isa = PBXBuildFile; fileRef = 169CCB60112167030052D964 /* Model.hs */; };
		169CCBC411216FD60052D964 /* DummyNSString.m in Sources */ = {isa = PBXBuildFile; fileRef = 169CCBC311216FD60052D964 /* DummyNSString.m */; };
		1DDD58160DA1D0A300B32029 /* MainMenu.xib in Resources */ = {isa = PBXBuildFile; fileRef = 1DDD58140DA1D0A300B32029 /* MainMenu.xib */; };
		256AC3DA0F4B6AC300CF3369 /* HSOBJC_Test_AppDelegate.m in Sources */ = {isa = PBXBuildFile; fileRef = 256AC3D90F4B6AC300CF3369 /* HSOBJC_Test_AppDelegate.m */; };
		8D11072B0486CEB800E47090 /* InfoPlist.strings in Resources */ = {isa = PBXBuildFile; fileRef = 089C165CFE840E0CC02AAC07 /* InfoPlist.strings */; };
		8D11072D0486CEB800E47090 /* haskell_dummy_interface.m in Sources */ = {isa = PBXBuildFile; fileRef = 29B97316FDCFA39411CA2CEA /* haskell_dummy_interface.m */; settings = {ATTRIBUTES = (); }; };
		8D11072F0486CEB800E47090 /* Cocoa.framework in Frameworks */ = {isa = PBXBuildFile; fileRef = 1058C7A1FEA54F0111CA2CBB /* Cocoa.framework */; };
		D0A0703F10A3531B000A26D3 /* HSOBJC_Test_Controller.m in Sources */ = {isa = PBXBuildFile; fileRef = D0A0703E10A3531B000A26D3 /* HSOBJC_Test_Controller.m */; };
/* End PBXBuildFile section */

/* Begin PBXFileReference section */
		089C165DFE840E0CC02AAC07 /* English */ = {isa = PBXFileReference; fileEncoding = 4; lastKnownFileType = text.plist.strings; name = English; path = English.lproj/InfoPlist.strings; sourceTree = "<group>"; };
		1058C7A1FEA54F0111CA2CBB /* Cocoa.framework */ = {isa = PBXFileReference; lastKnownFileType = wrapper.framework; name = Cocoa.framework; path = /System/Library/Frameworks/Cocoa.framework; sourceTree = "<absolute>"; };
		13E42FB307B3F0F600E4EEF1 /* CoreData.framework */ = {isa = PBXFileReference; lastKnownFileType = wrapper.framework; name = CoreData.framework; path = /System/Library/Frameworks/CoreData.framework; sourceTree = "<absolute>"; };
		1610E02B1132A43F00C251A7 /* HSOBJC_dummy_C.m */ = {isa = PBXFileReference; fileEncoding = 4; lastKnownFileType = sourcecode.c.objc; path = HSOBJC_dummy_C.m; sourceTree = "<group>"; };
		169CCAAF111DF8460052D964 /* HSObjC_C.h */ = {isa = PBXFileReference; fileEncoding = 4; lastKnownFileType = sourcecode.c.h; path = HSObjC_C.h; sourceTree = "<group>"; };
		169CCAB0111DF8460052D964 /* HSObjC_C.m */ = {isa = PBXFileReference; fileEncoding = 4; lastKnownFileType = sourcecode.c.objc; path = HSObjC_C.m; sourceTree = "<group>"; };
		169CCB60112167030052D964 /* Model.hs */ = {isa = PBXFileReference; fileEncoding = 4; lastKnownFileType = text; path = Model.hs; sourceTree = "<group>"; };
		169CCB8B11216BDB0052D964 /* FFI.h */ = {isa = PBXFileReference; fileEncoding = 4; lastKnownFileType = sourcecode.c.h; path = FFI.h; sourceTree = "<group>"; };
		169CCBC211216FD60052D964 /* DummyNSString.h */ = {isa = PBXFileReference; fileEncoding = 4; lastKnownFileType = sourcecode.c.h; path = DummyNSString.h; sourceTree = "<group>"; };
		169CCBC311216FD60052D964 /* DummyNSString.m */ = {isa = PBXFileReference; fileEncoding = 4; lastKnownFileType = sourcecode.c.objc; path = DummyNSString.m; sourceTree = "<group>"; };
		16EB0B8B10A453D400AF2AD6 /* HSOBJC.hs */ = {isa = PBXFileReference; fileEncoding = 4; lastKnownFileType = text; path = HSOBJC.hs; sourceTree = "<group>"; };
		1DDD58150DA1D0A300B32029 /* English */ = {isa = PBXFileReference; lastKnownFileType = file.xib; name = English; path = English.lproj/MainMenu.xib; sourceTree = "<group>"; };
		256AC3D80F4B6AC300CF3369 /* HSOBJC_Test_AppDelegate.h */ = {isa = PBXFileReference; fileEncoding = 4; lastKnownFileType = sourcecode.c.h; path = HSOBJC_Test_AppDelegate.h; sourceTree = "<group>"; };
		256AC3D90F4B6AC300CF3369 /* HSOBJC_Test_AppDelegate.m */ = {isa = PBXFileReference; fileEncoding = 4; lastKnownFileType = sourcecode.c.objc; path = HSOBJC_Test_AppDelegate.m; sourceTree = "<group>"; };
		256AC3F00F4B6AF500CF3369 /* HSOBJC_Test_Prefix.pch */ = {isa = PBXFileReference; fileEncoding = 4; lastKnownFileType = sourcecode.c.h; path = HSOBJC_Test_Prefix.pch; sourceTree = "<group>"; };
		29B97316FDCFA39411CA2CEA /* haskell_dummy_interface.m */ = {isa = PBXFileReference; fileEncoding = 4; lastKnownFileType = sourcecode.c.objc; path = haskell_dummy_interface.m; sourceTree = "<group>"; };
		29B97324FDCFA39411CA2CEA /* AppKit.framework */ = {isa = PBXFileReference; lastKnownFileType = wrapper.framework; name = AppKit.framework; path = /System/Library/Frameworks/AppKit.framework; sourceTree = "<absolute>"; };
		29B97325FDCFA39411CA2CEA /* Foundation.framework */ = {isa = PBXFileReference; lastKnownFileType = wrapper.framework; name = Foundation.framework; path = /System/Library/Frameworks/Foundation.framework; sourceTree = "<absolute>"; };
		8D1107310486CEB800E47090 /* HSOBJC_Test-Info.plist */ = {isa = PBXFileReference; fileEncoding = 4; lastKnownFileType = text.plist.xml; path = "HSOBJC_Test-Info.plist"; sourceTree = "<group>"; };
		8D1107320486CEB800E47090 /* HSOBJC_Test.app */ = {isa = PBXFileReference; explicitFileType = wrapper.application; includeInIndex = 0; path = HSOBJC_Test.app; sourceTree = BUILT_PRODUCTS_DIR; };
		D0A0703D10A3531B000A26D3 /* HSOBJC_Test_Controller.h */ = {isa = PBXFileReference; fileEncoding = 4; lastKnownFileType = sourcecode.c.h; path = HSOBJC_Test_Controller.h; sourceTree = "<group>"; };
		D0A0703E10A3531B000A26D3 /* HSOBJC_Test_Controller.m */ = {isa = PBXFileReference; fileEncoding = 4; lastKnownFileType = sourcecode.c.objc; path = HSOBJC_Test_Controller.m; sourceTree = "<group>"; };
/* End PBXFileReference section */

/* Begin PBXFrameworksBuildPhase section */
		8D11072E0486CEB800E47090 /* Frameworks */ = {
			isa = PBXFrameworksBuildPhase;
			buildActionMask = 2147483647;
			files = (
				8D11072F0486CEB800E47090 /* Cocoa.framework in Frameworks */,
			);
			runOnlyForDeploymentPostprocessing = 0;
		};
/* End PBXFrameworksBuildPhase section */

/* Begin PBXGroup section */
		080E96DDFE201D6D7F000001 /* Classes */ = {
			isa = PBXGroup;
			children = (
				256AC3D80F4B6AC300CF3369 /* HSOBJC_Test_AppDelegate.h */,
				256AC3D90F4B6AC300CF3369 /* HSOBJC_Test_AppDelegate.m */,
				D0A0703D10A3531B000A26D3 /* HSOBJC_Test_Controller.h */,
				D0A0703E10A3531B000A26D3 /* HSOBJC_Test_Controller.m */,
				169CCBC211216FD60052D964 /* DummyNSString.h */,
				169CCBC311216FD60052D964 /* DummyNSString.m */,
			);
			name = Classes;
			sourceTree = "<group>";
		};
		1058C7A0FEA54F0111CA2CBB /* Linked Frameworks */ = {
			isa = PBXGroup;
			children = (
				1058C7A1FEA54F0111CA2CBB /* Cocoa.framework */,
			);
			name = "Linked Frameworks";
			sourceTree = "<group>";
		};
		1058C7A2FEA54F0111CA2CBB /* Other Frameworks */ = {
			isa = PBXGroup;
			children = (
				29B97324FDCFA39411CA2CEA /* AppKit.framework */,
				13E42FB307B3F0F600E4EEF1 /* CoreData.framework */,
				29B97325FDCFA39411CA2CEA /* Foundation.framework */,
			);
			name = "Other Frameworks";
			sourceTree = "<group>";
		};
		169CCB0E1121615C0052D964 /* HSOBJC */ = {
			isa = PBXGroup;
			children = (
				169CCAAF111DF8460052D964 /* HSObjC_C.h */,
				169CCAB0111DF8460052D964 /* HSObjC_C.m */,
				1610E02B1132A43F00C251A7 /* HSOBJC_dummy_C.m */,
				16EB0B8B10A453D400AF2AD6 /* HSOBJC.hs */,
			);
			name = HSOBJC;
			sourceTree = "<group>";
		};
		19C28FACFE9D520D11CA2CBB /* Products */ = {
			isa = PBXGroup;
			children = (
				8D1107320486CEB800E47090 /* HSOBJC_Test.app */,
			);
			name = Products;
			sourceTree = "<group>";
		};
		29B97314FDCFA39411CA2CEA /* Currency Converter */ = {
			isa = PBXGroup;
			children = (
				080E96DDFE201D6D7F000001 /* Classes */,
				29B97315FDCFA39411CA2CEA /* Other Sources */,
				29B97317FDCFA39411CA2CEA /* Resources */,
				29B97323FDCFA39411CA2CEA /* Frameworks */,
				19C28FACFE9D520D11CA2CBB /* Products */,
			);
			name = "Currency Converter";
			sourceTree = "<group>";
		};
		29B97315FDCFA39411CA2CEA /* Other Sources */ = {
			isa = PBXGroup;
			children = (
				169CCB8B11216BDB0052D964 /* FFI.h */,
				169CCB0E1121615C0052D964 /* HSOBJC */,
				256AC3F00F4B6AF500CF3369 /* HSOBJC_Test_Prefix.pch */,
				29B97316FDCFA39411CA2CEA /* haskell_dummy_interface.m */,
				169CCB60112167030052D964 /* Model.hs */,
			);
			name = "Other Sources";
			sourceTree = "<group>";
		};
		29B97317FDCFA39411CA2CEA /* Resources */ = {
			isa = PBXGroup;
			children = (
				8D1107310486CEB800E47090 /* HSOBJC_Test-Info.plist */,
				089C165CFE840E0CC02AAC07 /* InfoPlist.strings */,
				1DDD58140DA1D0A300B32029 /* MainMenu.xib */,
			);
			name = Resources;
			sourceTree = "<group>";
		};
		29B97323FDCFA39411CA2CEA /* Frameworks */ = {
			isa = PBXGroup;
			children = (
				1058C7A0FEA54F0111CA2CBB /* Linked Frameworks */,
				1058C7A2FEA54F0111CA2CBB /* Other Frameworks */,
			);
			name = Frameworks;
			sourceTree = "<group>";
		};
/* End PBXGroup section */

/* Begin PBXNativeTarget section */
		8D1107260486CEB800E47090 /* HSOBJC_Test */ = {
			isa = PBXNativeTarget;
			buildConfigurationList = C01FCF4A08A954540054247B /* Build configuration list for PBXNativeTarget "HSOBJC_Test" */;
			buildPhases = (
				8D1107290486CEB800E47090 /* Resources */,
				8D11072C0486CEB800E47090 /* Sources */,
				8D11072E0486CEB800E47090 /* Frameworks */,
				16EB0B9A10A4587B00AF2AD6 /* ShellScript */,
			);
			buildRules = (
			);
			dependencies = (
			);
			name = HSOBJC_Test;
			productInstallPath = "$(HOME)/Applications";
			productName = "Currency Converter";
			productReference = 8D1107320486CEB800E47090 /* HSOBJC_Test.app */;
			productType = "com.apple.product-type.application";
		};
/* End PBXNativeTarget section */

/* Begin PBXProject section */
		29B97313FDCFA39411CA2CEA /* Project object */ = {
			isa = PBXProject;
			buildConfigurationList = C01FCF4E08A954540054247B /* Build configuration list for PBXProject "HSOBJC_Test" */;
			compatibilityVersion = "Xcode 3.1";
			hasScannedForEncodings = 1;
			mainGroup = 29B97314FDCFA39411CA2CEA /* Currency Converter */;
			projectDirPath = "";
			projectRoot = "";
			targets = (
				8D1107260486CEB800E47090 /* HSOBJC_Test */,
			);
		};
/* End PBXProject section */

/* Begin PBXResourcesBuildPhase section */
		8D1107290486CEB800E47090 /* Resources */ = {
			isa = PBXResourcesBuildPhase;
			buildActionMask = 2147483647;
			files = (
				8D11072B0486CEB800E47090 /* InfoPlist.strings in Resources */,
				1DDD58160DA1D0A300B32029 /* MainMenu.xib in Resources */,
				169CCB61112167030052D964 /* Model.hs in Resources */,
			);
			runOnlyForDeploymentPostprocessing = 0;
		};
/* End PBXResourcesBuildPhase section */

/* Begin PBXShellScriptBuildPhase section */
		16EB0B9A10A4587B00AF2AD6 /* ShellScript */ = {
			isa = PBXShellScriptBuildPhase;
			buildActionMask = 2147483647;
			files = (
			);
			inputPaths = (
			);
			outputPaths = (
			);
			runOnlyForDeploymentPostprocessing = 0;
			shellPath = /usr/bin/python;
			shellScript = "#!/usr/bin/python\n# -*- coding: utf-8 -*-\nimport sys\nimport os\nimport shutil\nfrom subprocess import call\n\nenv = os.environ.get\n\n# Adjust these settings for your project!\n# TODO: These settings can surely be extracted automatically from Xcode...\nframeworks = [\"Cocoa\"]\n\n# this object files will be replaced by Haskell\ndummy_objectfiles = [\"haskell_dummy_interface.o\", \"HSOBJC_dummy_C.o\"]  \n\nhssource = \"Model.hs\"\n\n\n\n\nprint \"Starting Haskell build phase...\"\n\n# STEP 1\nprint \"parsing filelist...\"\nfilelist_path = os.path.join(env('OBJECT_FILE_DIR_normal'), env('CURRENT_ARCH'),  \n                             env('EXECUTABLE_NAME') + \".LinkFileList\")\n\nwith open(filelist_path, 'r') as f:\n    stripped_lines = (x.strip() for x in f.readlines())\n    filelist = [('\"%s\"' % line) for line in stripped_lines \n                if os.path.basename(line) not in dummy_objectfiles]\n\t\t \n\n# STEP 2\nprint \"Building Haskell File(s)\"\n# TODO: Should be done with cabal? (But can cabal include *.o files??)\nframework_args = \" \".join(\"-framework \" + x for x in frameworks)\nobjects_path = os.path.join(env('OBJECT_FILE_DIR_normal'),\n                            env('CURRENT_ARCH'), \n                            \"*.o\")\nargs = \" \".join([\"-O\", \"--make\", \"-threaded\",\n                 hssource,\n                 '-o \"./' + env('EXECUTABLE_NAME') + '\"',\n                 \" \".join(filelist),\n                 framework_args])\nretcode = call(\"ghc \" + args, shell=True)\nif retcode != 0:\n    sys.exit(retcode)\n    \n\n# STEP 3\n# (somehow building the executable directly in the target path\n# seems not to overwrite the c-executable)\nprint \"moving executable...\"\nexec_path = os.path.join(env('BUILT_PRODUCTS_DIR'),\n                         env('EXECUTABLE_PATH'))\nshutil.move(env('EXECUTABLE_NAME'), \n            exec_path)\n\n";
		};
/* End PBXShellScriptBuildPhase section */

/* Begin PBXSourcesBuildPhase section */
		8D11072C0486CEB800E47090 /* Sources */ = {
			isa = PBXSourcesBuildPhase;
			buildActionMask = 2147483647;
			files = (
				8D11072D0486CEB800E47090 /* haskell_dummy_interface.m in Sources */,
				256AC3DA0F4B6AC300CF3369 /* HSOBJC_Test_AppDelegate.m in Sources */,
				D0A0703F10A3531B000A26D3 /* HSOBJC_Test_Controller.m in Sources */,
				169CCAB1111DF8460052D964 /* HSObjC_C.m in Sources */,
				169CCBC411216FD60052D964 /* DummyNSString.m in Sources */,
				1610E02C1132A43F00C251A7 /* HSOBJC_dummy_C.m in Sources */,
			);
			runOnlyForDeploymentPostprocessing = 0;
		};
/* End PBXSourcesBuildPhase section */

/* Begin PBXVariantGroup section */
		089C165CFE840E0CC02AAC07 /* InfoPlist.strings */ = {
			isa = PBXVariantGroup;
			children = (
				089C165DFE840E0CC02AAC07 /* English */,
			);
			name = InfoPlist.strings;
			sourceTree = "<group>";
		};
		1DDD58140DA1D0A300B32029 /* MainMenu.xib */ = {
			isa = PBXVariantGroup;
			children = (
				1DDD58150DA1D0A300B32029 /* English */,
			);
			name = MainMenu.xib;
			sourceTree = "<group>";
		};
/* End PBXVariantGroup section */

/* Begin XCBuildConfiguration section */
		C01FCF4B08A954540054247B /* Debug */ = {
			isa = XCBuildConfiguration;
			buildSettings = {
				ALWAYS_SEARCH_USER_PATHS = NO;
				COPY_PHASE_STRIP = NO;
				GCC_DYNAMIC_NO_PIC = NO;
				GCC_ENABLE_FIX_AND_CONTINUE = YES;
				GCC_ENABLE_OBJC_GC = unsupported;
				GCC_MODEL_TUNING = G5;
				GCC_OPTIMIZATION_LEVEL = 0;
				GCC_PRECOMPILE_PREFIX_HEADER = YES;
				GCC_PREFIX_HEADER = HSOBJC_Test_Prefix.pch;
				GENERATE_PROFILING_CODE = YES;
				INFOPLIST_FILE = "HSOBJC_Test-Info.plist";
				INSTALL_PATH = "$(HOME)/Applications";
				ONLY_ACTIVE_ARCH = NO;
				PRODUCT_NAME = HSOBJC_Test;
				VALID_ARCHS = i386;
			};
			name = Debug;
		};
		C01FCF4C08A954540054247B /* Release */ = {
			isa = XCBuildConfiguration;
			buildSettings = {
				ALWAYS_SEARCH_USER_PATHS = NO;
				DEBUG_INFORMATION_FORMAT = "dwarf-with-dsym";
				GCC_ENABLE_OBJC_GC = unsupported;
				GCC_MODEL_TUNING = G5;
				GCC_PRECOMPILE_PREFIX_HEADER = YES;
				GCC_PREFIX_HEADER = HSOBJC_Test_Prefix.pch;
				INFOPLIST_FILE = "HSOBJC_Test-Info.plist";
				INSTALL_PATH = "$(HOME)/Applications";
				ONLY_ACTIVE_ARCH = NO;
				PRODUCT_NAME = HSOBJC_Test;
			};
			name = Release;
		};
		C01FCF4F08A954540054247B /* Debug */ = {
			isa = XCBuildConfiguration;
			buildSettings = {
				ARCHS = "$(ARCHS_STANDARD_32_BIT)";
				GCC_C_LANGUAGE_STANDARD = gnu99;
				GCC_ENABLE_OBJC_GC = unsupported;
				GCC_OPTIMIZATION_LEVEL = 0;
				GCC_WARN_ABOUT_RETURN_TYPE = YES;
				GCC_WARN_UNUSED_VARIABLE = YES;
				ONLY_ACTIVE_ARCH = NO;
				PREBINDING = NO;
				SDKROOT = macosx10.6;
				VALID_ARCHS = i386;
			};
			name = Debug;
		};
		C01FCF5008A954540054247B /* Release */ = {
			isa = XCBuildConfiguration;
			buildSettings = {
				ARCHS = "$(ARCHS_STANDARD_32_BIT)";
				GCC_C_LANGUAGE_STANDARD = gnu99;
				GCC_ENABLE_OBJC_GC = unsupported;
				GCC_WARN_ABOUT_RETURN_TYPE = YES;
				GCC_WARN_UNUSED_VARIABLE = YES;
				ONLY_ACTIVE_ARCH = NO;
				PREBINDING = NO;
				SDKROOT = macosx10.6;
				VALID_ARCHS = i386;
			};
			name = Release;
		};
/* End XCBuildConfiguration section */

/* Begin XCConfigurationList section */
		C01FCF4A08A954540054247B /* Build configuration list for PBXNativeTarget "HSOBJC_Test" */ = {
			isa = XCConfigurationList;
			buildConfigurations = (
				C01FCF4B08A954540054247B /* Debug */,
				C01FCF4C08A954540054247B /* Release */,
			);
			defaultConfigurationIsVisible = 0;
			defaultConfigurationName = Release;
		};
		C01FCF4E08A954540054247B /* Build configuration list for PBXProject "HSOBJC_Test" */ = {
			isa = XCConfigurationList;
			buildConfigurations = (
				C01FCF4F08A954540054247B /* Debug */,
				C01FCF5008A954540054247B /* Release */,
			);
			defaultConfigurationIsVisible = 0;
			defaultConfigurationName = Release;
		};
/* End XCConfigurationList section */
	};
	rootObject = 29B97313FDCFA39411CA2CEA /* Project object */;
}
